
Microsoft Visual Studio Solution File, Format Version 12.00
# Visual Studio Version 16
VisualStudioVersion = 16.0.31129.286
MinimumVisualStudioVersion = 10.0.40219.1
Project("{803FD0C6-D64E-4E16-9DC3-1DAEC859A3D2}") = "MiddleStation-Zephyr", "MiddleStation-Zephyr.vgdbproj", "{584F1797-123E-43B1-A308-8AC91D052E01}"
EndProject
Global
	GlobalSection(SolutionConfigurationPlatforms) = preSolution
		Debug|nrf5340dk_nrf5340_cpuapp = Debug|nrf5340dk_nrf5340_cpuapp
		Release|nrf5340dk_nrf5340_cpuapp = Release|nrf5340dk_nrf5340_cpuapp
	EndGlobalSection
	GlobalSection(ProjectConfigurationPlatforms) = postSolution
		{584F1797-123E-43B1-A308-8AC91D052E01}.Debug|nrf5340dk_nrf5340_cpuapp.ActiveCfg = Debug|nrf5340dk_nrf5340_cpuapp
		{584F1797-123E-43B1-A308-8AC91D052E01}.Debug|nrf5340dk_nrf5340_cpuapp.Build.0 = Debug|nrf5340dk_nrf5340_cpuapp
		{584F1797-123E-43B1-A308-8AC91D052E01}.Release|nrf5340dk_nrf5340_cpuapp.ActiveCfg = Release|nrf5340dk_nrf5340_cpuapp
		{584F1797-123E-43B1-A308-8AC91D052E01}.Release|nrf5340dk_nrf5340_cpuapp.Build.0 = Release|nrf5340dk_nrf5340_cpuapp
	EndGlobalSection
	GlobalSection(SolutionProperties) = preSolution
		HideSolutionNode = FALSE
	EndGlobalSection
	GlobalSection(ExtensibilityGlobals) = postSolution
		SolutionGuid = {637DBC3B-D6B7-4DA6-966A-E3AE65E757CF}
	EndGlobalSection
EndGlobal
